
Microsoft Visual Studio Solution File, Format Version 12.00
# Visual Studio 2012
Project("{FAE04EC0-301F-11D3-BF4B-00C04F79EFBC}") = "ArtemisComm", "ArtemisComm\ArtemisComm.csproj", "{656B27BD-31B0-43BB-ABB5-BC9B847F9D85}"
EndProject
Project("{2150E333-8FDC-42A3-9474-1A3956D46DE8}") = "ReferencedFiles", "ReferencedFiles", "{6804BE47-1D56-445D-9529-F751D7D62BD5}"
	ProjectSection(SolutionItems) = preProject
		ReferencedFiles\log4net.dll = ReferencedFiles\log4net.dll
		ReferencedFiles\Russ.ruleset = ReferencedFiles\Russ.ruleset
	EndProjectSection
EndProject
Project("{FAE04EC0-301F-11D3-BF4B-00C04F79EFBC}") = "Sandbox", "Sandbox\Sandbox.csproj", "{2C511667-0ABF-4DA0-BC18-BBA3125B8CB5}"
EndProject
Project("{FAE04EC0-301F-11D3-BF4B-00C04F79EFBC}") = "BigRedButtonOfDeath.Library", "BigRedButtonOfDeath.Library\BigRedButtonOfDeath.Library.csproj", "{BC09007E-11B5-4EB2-A5B1-9941386B29FC}"
EndProject
Project("{FAE04EC0-301F-11D3-BF4B-00C04F79EFBC}") = "BigRedButtonOfDeath.Forms", "BigRedButtonOfDeath.Forms\BigRedButtonOfDeath.Forms.csproj", "{2CD91FFD-BA28-444A-BFE1-2CF9CFCE8B16}"
EndProject
Project("{FAE04EC0-301F-11D3-BF4B-00C04F79EFBC}") = "BigRedButtonOfDeath.WPF", "BigRedButtonOfDeath.WPF\BigRedButtonOfDeath.WPF.csproj", "{7ECF301C-0198-469A-AFC8-BA91F8E04379}"
EndProject
Project("{FAE04EC0-301F-11D3-BF4B-00C04F79EFBC}") = "Proxy.Library", "Proxy.Library\Proxy.Library.csproj", "{34E55C0E-ED19-4BC5-9F13-4E596E1C35B0}"
EndProject
Project("{FAE04EC0-301F-11D3-BF4B-00C04F79EFBC}") = "Proxy.UI.SQLLogger", "Proxy.UI.SQLLogger\Proxy.UI.SQLLogger.csproj", "{C74D34D7-67C5-4DA6-B31B-03367B1FF8C4}"
EndProject
Project("{FAE04EC0-301F-11D3-BF4B-00C04F79EFBC}") = "Proxy.Logger", "Proxy.Logger\Proxy.Logger.csproj", "{B8052CC5-C83B-4C9A-947B-D22E6BEF113E}"
EndProject
Project("{FAE04EC0-301F-11D3-BF4B-00C04F79EFBC}") = "Logger", "Logger\Logger.csproj", "{E76658D1-413D-4170-84F8-84A3F35ED5E7}"
EndProject
Project("{FAE04EC0-301F-11D3-BF4B-00C04F79EFBC}") = "BigRedButtonOfDeath.Android", "BigRedButtonOfDeath.Android\BigRedButtonOfDeath.Android.csproj", "{1E624A3D-7370-4BC7-9543-622815573F64}"
EndProject
Project("{FAE04EC0-301F-11D3-BF4B-00C04F79EFBC}") = "ArtemisComm.Android", "ArtemisComm.Android\ArtemisComm.Android.csproj", "{2DE2030A-FCCD-4736-B0DD-892C9C0B503E}"
EndProject
Project("{FAE04EC0-301F-11D3-BF4B-00C04F79EFBC}") = "Logger.Android", "Logger.Android\Logger.Android.csproj", "{A1572AAE-8AD7-4EE0-8BCF-7A14A68C3342}"
EndProject
Project("{FAE04EC0-301F-11D3-BF4B-00C04F79EFBC}") = "BigRedButtonOfDeath.Library.Android", "BigRedButtonOfDeath.Library.Android\BigRedButtonOfDeath.Library.Android.csproj", "{A5FBCD23-F3AA-4881-8D77-0E71D88E53A9}"
EndProject
Global
	GlobalSection(SolutionConfigurationPlatforms) = preSolution
		Debug|Any CPU = Debug|Any CPU
		Release|Any CPU = Release|Any CPU
	EndGlobalSection
	GlobalSection(ProjectConfigurationPlatforms) = postSolution
		{656B27BD-31B0-43BB-ABB5-BC9B847F9D85}.Debug|Any CPU.ActiveCfg = Debug|Any CPU
		{656B27BD-31B0-43BB-ABB5-BC9B847F9D85}.Debug|Any CPU.Build.0 = Debug|Any CPU
		{656B27BD-31B0-43BB-ABB5-BC9B847F9D85}.Release|Any CPU.ActiveCfg = Release|Any CPU
		{656B27BD-31B0-43BB-ABB5-BC9B847F9D85}.Release|Any CPU.Build.0 = Release|Any CPU
		{2C511667-0ABF-4DA0-BC18-BBA3125B8CB5}.Debug|Any CPU.ActiveCfg = Debug|Any CPU
		{2C511667-0ABF-4DA0-BC18-BBA3125B8CB5}.Debug|Any CPU.Build.0 = Debug|Any CPU
		{2C511667-0ABF-4DA0-BC18-BBA3125B8CB5}.Release|Any CPU.ActiveCfg = Release|Any CPU
		{2C511667-0ABF-4DA0-BC18-BBA3125B8CB5}.Release|Any CPU.Build.0 = Release|Any CPU
		{BC09007E-11B5-4EB2-A5B1-9941386B29FC}.Debug|Any CPU.ActiveCfg = Debug|Any CPU
		{BC09007E-11B5-4EB2-A5B1-9941386B29FC}.Debug|Any CPU.Build.0 = Debug|Any CPU
		{BC09007E-11B5-4EB2-A5B1-9941386B29FC}.Release|Any CPU.ActiveCfg = Release|Any CPU
		{BC09007E-11B5-4EB2-A5B1-9941386B29FC}.Release|Any CPU.Build.0 = Release|Any CPU
		{2CD91FFD-BA28-444A-BFE1-2CF9CFCE8B16}.Debug|Any CPU.ActiveCfg = Debug|Any CPU
		{2CD91FFD-BA28-444A-BFE1-2CF9CFCE8B16}.Debug|Any CPU.Build.0 = Debug|Any CPU
		{2CD91FFD-BA28-444A-BFE1-2CF9CFCE8B16}.Release|Any CPU.ActiveCfg = Release|Any CPU
		{2CD91FFD-BA28-444A-BFE1-2CF9CFCE8B16}.Release|Any CPU.Build.0 = Release|Any CPU
		{7ECF301C-0198-469A-AFC8-BA91F8E04379}.Debug|Any CPU.ActiveCfg = Debug|Any CPU
		{7ECF301C-0198-469A-AFC8-BA91F8E04379}.Debug|Any CPU.Build.0 = Debug|Any CPU
		{7ECF301C-0198-469A-AFC8-BA91F8E04379}.Release|Any CPU.ActiveCfg = Release|Any CPU
		{7ECF301C-0198-469A-AFC8-BA91F8E04379}.Release|Any CPU.Build.0 = Release|Any CPU
		{34E55C0E-ED19-4BC5-9F13-4E596E1C35B0}.Debug|Any CPU.ActiveCfg = Debug|Any CPU
		{34E55C0E-ED19-4BC5-9F13-4E596E1C35B0}.Debug|Any CPU.Build.0 = Debug|Any CPU
		{34E55C0E-ED19-4BC5-9F13-4E596E1C35B0}.Release|Any CPU.ActiveCfg = Release|Any CPU
		{34E55C0E-ED19-4BC5-9F13-4E596E1C35B0}.Release|Any CPU.Build.0 = Release|Any CPU
		{C74D34D7-67C5-4DA6-B31B-03367B1FF8C4}.Debug|Any CPU.ActiveCfg = Debug|Any CPU
		{C74D34D7-67C5-4DA6-B31B-03367B1FF8C4}.Debug|Any CPU.Build.0 = Debug|Any CPU
		{C74D34D7-67C5-4DA6-B31B-03367B1FF8C4}.Release|Any CPU.ActiveCfg = Release|Any CPU
		{C74D34D7-67C5-4DA6-B31B-03367B1FF8C4}.Release|Any CPU.Build.0 = Release|Any CPU
		{B8052CC5-C83B-4C9A-947B-D22E6BEF113E}.Debug|Any CPU.ActiveCfg = Debug|Any CPU
		{B8052CC5-C83B-4C9A-947B-D22E6BEF113E}.Debug|Any CPU.Build.0 = Debug|Any CPU
		{B8052CC5-C83B-4C9A-947B-D22E6BEF113E}.Release|Any CPU.ActiveCfg = Release|Any CPU
		{B8052CC5-C83B-4C9A-947B-D22E6BEF113E}.Release|Any CPU.Build.0 = Release|Any CPU
		{E76658D1-413D-4170-84F8-84A3F35ED5E7}.Debug|Any CPU.ActiveCfg = Debug|Any CPU
		{E76658D1-413D-4170-84F8-84A3F35ED5E7}.Debug|Any CPU.Build.0 = Debug|Any CPU
		{E76658D1-413D-4170-84F8-84A3F35ED5E7}.Release|Any CPU.ActiveCfg = Release|Any CPU
		{E76658D1-413D-4170-84F8-84A3F35ED5E7}.Release|Any CPU.Build.0 = Release|Any CPU
		{1E624A3D-7370-4BC7-9543-622815573F64}.Debug|Any CPU.ActiveCfg = Debug|Any CPU
		{1E624A3D-7370-4BC7-9543-622815573F64}.Debug|Any CPU.Build.0 = Debug|Any CPU
		{1E624A3D-7370-4BC7-9543-622815573F64}.Debug|Any CPU.Deploy.0 = Debug|Any CPU
		{1E624A3D-7370-4BC7-9543-622815573F64}.Release|Any CPU.ActiveCfg = Release|Any CPU
		{1E624A3D-7370-4BC7-9543-622815573F64}.Release|Any CPU.Build.0 = Release|Any CPU
		{1E624A3D-7370-4BC7-9543-622815573F64}.Release|Any CPU.Deploy.0 = Release|Any CPU
		{2DE2030A-FCCD-4736-B0DD-892C9C0B503E}.Debug|Any CPU.ActiveCfg = Debug|Any CPU
		{2DE2030A-FCCD-4736-B0DD-892C9C0B503E}.Debug|Any CPU.Build.0 = Debug|Any CPU
		{2DE2030A-FCCD-4736-B0DD-892C9C0B503E}.Release|Any CPU.ActiveCfg = Release|Any CPU
		{2DE2030A-FCCD-4736-B0DD-892C9C0B503E}.Release|Any CPU.Build.0 = Release|Any CPU
		{A1572AAE-8AD7-4EE0-8BCF-7A14A68C3342}.Debug|Any CPU.ActiveCfg = Debug|Any CPU
		{A1572AAE-8AD7-4EE0-8BCF-7A14A68C3342}.Debug|Any CPU.Build.0 = Debug|Any CPU
		{A1572AAE-8AD7-4EE0-8BCF-7A14A68C3342}.Release|Any CPU.ActiveCfg = Release|Any CPU
		{A1572AAE-8AD7-4EE0-8BCF-7A14A68C3342}.Release|Any CPU.Build.0 = Release|Any CPU
		{A5FBCD23-F3AA-4881-8D77-0E71D88E53A9}.Debug|Any CPU.ActiveCfg = Debug|Any CPU
		{A5FBCD23-F3AA-4881-8D77-0E71D88E53A9}.Debug|Any CPU.Build.0 = Debug|Any CPU
		{A5FBCD23-F3AA-4881-8D77-0E71D88E53A9}.Release|Any CPU.ActiveCfg = Release|Any CPU
		{A5FBCD23-F3AA-4881-8D77-0E71D88E53A9}.Release|Any CPU.Build.0 = Release|Any CPU
	EndGlobalSection
	GlobalSection(SolutionProperties) = preSolution
		HideSolutionNode = FALSE
	EndGlobalSection
	GlobalSection(Performance) = preSolution
		HasPerformanceSessions = true
	EndGlobalSection
EndGlobal
